
Microsoft Visual Studio Solution File, Format Version 12.00
# Visual Studio 15
Project("{FAE04EC0-301F-11D3-BF4B-00C04F79EFBC}") = "ServerlessDraw", "ServerlessDraw.csproj", "{1254516E-ECA8-405E-9703-047A1956CDF9}"
EndProject
Global
	GlobalSection(SolutionConfigurationPlatforms) = preSolution
		Debug|Any CPU = Debug|Any CPU
		Release|Any CPU = Release|Any CPU
	EndGlobalSection
	GlobalSection(ProjectConfigurationPlatforms) = postSolution
		{1254516E-ECA8-405E-9703-047A1956CDF9}.Debug|Any CPU.ActiveCfg = Debug|Any CPU
		{1254516E-ECA8-405E-9703-047A1956CDF9}.Debug|Any CPU.Build.0 = Debug|Any CPU
		{1254516E-ECA8-405E-9703-047A1956CDF9}.Release|Any CPU.ActiveCfg = Release|Any CPU
		{1254516E-ECA8-405E-9703-047A1956CDF9}.Release|Any CPU.Build.0 = Release|Any CPU
	EndGlobalSection
EndGlobal
